Microsoft Visual Studio Solution File, Format Version 12.00
# Visual Studio 14
VisualStudioVersion = 14.0.25420.1
MinimumVisualStudioVersion = 10.0.40219.1
Project("{FAE04EC0-301F-11D3-BF4B-00C04F79EFBC}") = "FaceOff", "FaceOff.csproj", "{7603FF43-E29B-4C5B-93ED-29AAC1E300A9}"
EndProject
Project("{FAE04EC0-301F-11D3-BF4B-00C04F79EFBC}") = "FaceOff.iOS", "iOS\FaceOff.iOS.csproj", "{D9466562-859D-4760-BF8A-DB4983B5F6BA}"
EndProject
Project("{FAE04EC0-301F-11D3-BF4B-00C04F79EFBC}") = "FaceOff.Droid", "Droid\FaceOff.Droid.csproj", "{598E6A0B-D1F0-4F64-A297-3FB652C379E7}"
EndProject
Project("{FAE04EC0-301F-11D3-BF4B-00C04F79EFBC}") = "FaceOff.UWP", "..\UWP\FaceOff.UWP.csproj", "{7E3407D5-2430-4086-8852-4C20F5B6F78F}"
EndProject
Global
	GlobalSection(SolutionConfigurationPlatforms) = preSolution
		Debug|Any CPU = Debug|Any CPU
		Debug|ARM = Debug|ARM
		Debug|iPhone = Debug|iPhone
		Debug|iPhoneSimulator = Debug|iPhoneSimulator
		Debug|x64 = Debug|x64
		Debug|x86 = Debug|x86
		Release|Any CPU = Release|Any CPU
		Release|ARM = Release|ARM
		Release|iPhone = Release|iPhone
		Release|iPhoneSimulator = Release|iPhoneSimulator
		Release|x64 = Release|x64
		Release|x86 = Release|x86
	EndGlobalSection
	GlobalSection(ProjectConfigurationPlatforms) = postSolution
		{7603FF43-E29B-4C5B-93ED-29AAC1E300A9}.Debug|Any CPU.ActiveCfg = Debug|Any CPU
		{7603FF43-E29B-4C5B-93ED-29AAC1E300A9}.Debug|Any CPU.Build.0 = Debug|Any CPU
		{7603FF43-E29B-4C5B-93ED-29AAC1E300A9}.Debug|ARM.ActiveCfg = Debug|Any CPU
		{7603FF43-E29B-4C5B-93ED-29AAC1E300A9}.Debug|ARM.Build.0 = Debug|Any CPU
		{7603FF43-E29B-4C5B-93ED-29AAC1E300A9}.Debug|iPhone.ActiveCfg = Debug|Any CPU
		{7603FF43-E29B-4C5B-93ED-29AAC1E300A9}.Debug|iPhone.Build.0 = Debug|Any CPU
		{7603FF43-E29B-4C5B-93ED-29AAC1E300A9}.Debug|iPhoneSimulator.ActiveCfg = Debug|Any CPU
		{7603FF43-E29B-4C5B-93ED-29AAC1E300A9}.Debug|iPhoneSimulator.Build.0 = Debug|Any CPU
		{7603FF43-E29B-4C5B-93ED-29AAC1E300A9}.Debug|x64.ActiveCfg = Debug|Any CPU
		{7603FF43-E29B-4C5B-93ED-29AAC1E300A9}.Debug|x64.Build.0 = Debug|Any CPU
		{7603FF43-E29B-4C5B-93ED-29AAC1E300A9}.Debug|x86.ActiveCfg = Debug|Any CPU
		{7603FF43-E29B-4C5B-93ED-29AAC1E300A9}.Debug|x86.Build.0 = Debug|Any CPU
		{7603FF43-E29B-4C5B-93ED-29AAC1E300A9}.Release|Any CPU.ActiveCfg = Release|Any CPU
		{7603FF43-E29B-4C5B-93ED-29AAC1E300A9}.Release|Any CPU.Build.0 = Release|Any CPU
		{7603FF43-E29B-4C5B-93ED-29AAC1E300A9}.Release|ARM.ActiveCfg = Release|Any CPU
		{7603FF43-E29B-4C5B-93ED-29AAC1E300A9}.Release|ARM.Build.0 = Release|Any CPU
		{7603FF43-E29B-4C5B-93ED-29AAC1E300A9}.Release|iPhone.ActiveCfg = Release|Any CPU
		{7603FF43-E29B-4C5B-93ED-29AAC1E300A9}.Release|iPhone.Build.0 = Release|Any CPU
		{7603FF43-E29B-4C5B-93ED-29AAC1E300A9}.Release|iPhoneSimulator.ActiveCfg = Release|Any CPU
		{7603FF43-E29B-4C5B-93ED-29AAC1E300A9}.Release|iPhoneSimulator.Build.0 = Release|Any CPU
		{7603FF43-E29B-4C5B-93ED-29AAC1E300A9}.Release|x64.ActiveCfg = Release|Any CPU
		{7603FF43-E29B-4C5B-93ED-29AAC1E300A9}.Release|x64.Build.0 = Release|Any CPU
		{7603FF43-E29B-4C5B-93ED-29AAC1E300A9}.Release|x86.ActiveCfg = Release|Any CPU
		{7603FF43-E29B-4C5B-93ED-29AAC1E300A9}.Release|x86.Build.0 = Release|Any CPU
		{D9466562-859D-4760-BF8A-DB4983B5F6BA}.Debug|Any CPU.ActiveCfg = Debug|iPhoneSimulator
		{D9466562-859D-4760-BF8A-DB4983B5F6BA}.Debug|Any CPU.Build.0 = Debug|iPhoneSimulator
		{D9466562-859D-4760-BF8A-DB4983B5F6BA}.Debug|ARM.ActiveCfg = Debug|iPhone
		{D9466562-859D-4760-BF8A-DB4983B5F6BA}.Debug|iPhone.ActiveCfg = Debug|iPhone
		{D9466562-859D-4760-BF8A-DB4983B5F6BA}.Debug|iPhone.Build.0 = Debug|iPhone
		{D9466562-859D-4760-BF8A-DB4983B5F6BA}.Debug|iPhoneSimulator.ActiveCfg = Debug|iPhoneSimulator
		{D9466562-859D-4760-BF8A-DB4983B5F6BA}.Debug|iPhoneSimulator.Build.0 = Debug|iPhoneSimulator
		{D9466562-859D-4760-BF8A-DB4983B5F6BA}.Debug|x64.ActiveCfg = Debug|iPhone
		{D9466562-859D-4760-BF8A-DB4983B5F6BA}.Debug|x86.ActiveCfg = Debug|iPhone
		{D9466562-859D-4760-BF8A-DB4983B5F6BA}.Release|Any CPU.ActiveCfg = Debug|iPhoneSimulator
		{D9466562-859D-4760-BF8A-DB4983B5F6BA}.Release|Any CPU.Build.0 = Debug|iPhoneSimulator
		{D9466562-859D-4760-BF8A-DB4983B5F6BA}.Release|ARM.ActiveCfg = Release|iPhoneSimulator
		{D9466562-859D-4760-BF8A-DB4983B5F6BA}.Release|iPhone.ActiveCfg = Release|iPhone
		{D9466562-859D-4760-BF8A-DB4983B5F6BA}.Release|iPhone.Build.0 = Release|iPhone
		{D9466562-859D-4760-BF8A-DB4983B5F6BA}.Release|iPhoneSimulator.ActiveCfg = Release|iPhoneSimulator
		{D9466562-859D-4760-BF8A-DB4983B5F6BA}.Release|iPhoneSimulator.Build.0 = Release|iPhoneSimulator
		{D9466562-859D-4760-BF8A-DB4983B5F6BA}.Release|x64.ActiveCfg = Release|iPhoneSimulator
		{D9466562-859D-4760-BF8A-DB4983B5F6BA}.Release|x64.Build.0 = Release|iPhoneSimulator
		{D9466562-859D-4760-BF8A-DB4983B5F6BA}.Release|x86.ActiveCfg = Release|iPhoneSimulator
		{598E6A0B-D1F0-4F64-A297-3FB652C379E7}.Debug|Any CPU.ActiveCfg = Debug|Any CPU
		{598E6A0B-D1F0-4F64-A297-3FB652C379E7}.Debug|Any CPU.Build.0 = Debug|Any CPU
		{598E6A0B-D1F0-4F64-A297-3FB652C379E7}.Debug|Any CPU.Deploy.0 = Debug|Any CPU
		{598E6A0B-D1F0-4F64-A297-3FB652C379E7}.Debug|ARM.ActiveCfg = Debug|Any CPU
		{598E6A0B-D1F0-4F64-A297-3FB652C379E7}.Debug|ARM.Build.0 = Debug|Any CPU
		{598E6A0B-D1F0-4F64-A297-3FB652C379E7}.Debug|ARM.Deploy.0 = Debug|Any CPU
		{598E6A0B-D1F0-4F64-A297-3FB652C379E7}.Debug|iPhone.ActiveCfg = Debug|Any CPU
		{598E6A0B-D1F0-4F64-A297-3FB652C379E7}.Debug|iPhone.Build.0 = Debug|Any CPU
		{598E6A0B-D1F0-4F64-A297-3FB652C379E7}.Debug|iPhoneSimulator.ActiveCfg = Debug|Any CPU
		{598E6A0B-D1F0-4F64-A297-3FB652C379E7}.Debug|iPhoneSimulator.Build.0 = Debug|Any CPU
		{598E6A0B-D1F0-4F64-A297-3FB652C379E7}.Debug|x64.ActiveCfg = Debug|Any CPU
		{598E6A0B-D1F0-4F64-A297-3FB652C379E7}.Debug|x64.Build.0 = Debug|Any CPU
		{598E6A0B-D1F0-4F64-A297-3FB652C379E7}.Debug|x64.Deploy.0 = Debug|Any CPU
		{598E6A0B-D1F0-4F64-A297-3FB652C379E7}.Debug|x86.ActiveCfg = Debug|Any CPU
		{598E6A0B-D1F0-4F64-A297-3FB652C379E7}.Debug|x86.Build.0 = Debug|Any CPU
		{598E6A0B-D1F0-4F64-A297-3FB652C379E7}.Debug|x86.Deploy.0 = Debug|Any CPU
		{598E6A0B-D1F0-4F64-A297-3FB652C379E7}.Release|Any CPU.ActiveCfg = Release|Any CPU
		{598E6A0B-D1F0-4F64-A297-3FB652C379E7}.Release|Any CPU.Build.0 = Release|Any CPU
		{598E6A0B-D1F0-4F64-A297-3FB652C379E7}.Release|Any CPU.Deploy.0 = Release|Any CPU
		{598E6A0B-D1F0-4F64-A297-3FB652C379E7}.Release|ARM.ActiveCfg = Release|Any CPU
		{598E6A0B-D1F0-4F64-A297-3FB652C379E7}.Release|ARM.Build.0 = Release|Any CPU
		{598E6A0B-D1F0-4F64-A297-3FB652C379E7}.Release|ARM.Deploy.0 = Release|Any CPU
		{598E6A0B-D1F0-4F64-A297-3FB652C379E7}.Release|iPhone.ActiveCfg = Release|Any CPU
		{598E6A0B-D1F0-4F64-A297-3FB652C379E7}.Release|iPhone.Build.0 = Release|Any CPU
		{598E6A0B-D1F0-4F64-A297-3FB652C379E7}.Release|iPhoneSimulator.ActiveCfg = Release|Any CPU
		{598E6A0B-D1F0-4F64-A297-3FB652C379E7}.Release|iPhoneSimulator.Build.0 = Release|Any CPU
		{598E6A0B-D1F0-4F64-A297-3FB652C379E7}.Release|x64.ActiveCfg = Release|Any CPU
		{598E6A0B-D1F0-4F64-A297-3FB652C379E7}.Release|x64.Build.0 = Release|Any CPU
		{598E6A0B-D1F0-4F64-A297-3FB652C379E7}.Release|x64.Deploy.0 = Release|Any CPU
		{598E6A0B-D1F0-4F64-A297-3FB652C379E7}.Release|x86.ActiveCfg = Release|Any CPU
		{598E6A0B-D1F0-4F64-A297-3FB652C379E7}.Release|x86.Build.0 = Release|Any CPU
		{598E6A0B-D1F0-4F64-A297-3FB652C379E7}.Release|x86.Deploy.0 = Release|Any CPU
		{7E3407D5-2430-4086-8852-4C20F5B6F78F}.Debug|Any CPU.ActiveCfg = Debug|x86
		{7E3407D5-2430-4086-8852-4C20F5B6F78F}.Debug|Any CPU.Build.0 = Debug|x86
		{7E3407D5-2430-4086-8852-4C20F5B6F78F}.Debug|Any CPU.Deploy.0 = Debug|x86
		{7E3407D5-2430-4086-8852-4C20F5B6F78F}.Debug|ARM.ActiveCfg = Debug|ARM
		{7E3407D5-2430-4086-8852-4C20F5B6F78F}.Debug|ARM.Build.0 = Debug|ARM
		{7E3407D5-2430-4086-8852-4C20F5B6F78F}.Debug|ARM.Deploy.0 = Debug|ARM
		{7E3407D5-2430-4086-8852-4C20F5B6F78F}.Debug|iPhone.ActiveCfg = Debug|x86
		{7E3407D5-2430-4086-8852-4C20F5B6F78F}.Debug|iPhoneSimulator.ActiveCfg = Debug|x86
		{7E3407D5-2430-4086-8852-4C20F5B6F78F}.Debug|x64.ActiveCfg = Debug|x64
		{7E3407D5-2430-4086-8852-4C20F5B6F78F}.Debug|x64.Build.0 = Debug|x64
		{7E3407D5-2430-4086-8852-4C20F5B6F78F}.Debug|x64.Deploy.0 = Debug|x64
		{7E3407D5-2430-4086-8852-4C20F5B6F78F}.Debug|x86.ActiveCfg = Debug|x86
		{7E3407D5-2430-4086-8852-4C20F5B6F78F}.Debug|x86.Build.0 = Debug|x86
		{7E3407D5-2430-4086-8852-4C20F5B6F78F}.Debug|x86.Deploy.0 = Debug|x86
		{7E3407D5-2430-4086-8852-4C20F5B6F78F}.Release|Any CPU.ActiveCfg = Release|x86
		{7E3407D5-2430-4086-8852-4C20F5B6F78F}.Release|Any CPU.Build.0 = Release|x86
		{7E3407D5-2430-4086-8852-4C20F5B6F78F}.Release|Any CPU.Deploy.0 = Release|x86
		{7E3407D5-2430-4086-8852-4C20F5B6F78F}.Release|ARM.ActiveCfg = Release|ARM
		{7E3407D5-2430-4086-8852-4C20F5B6F78F}.Release|ARM.Build.0 = Release|ARM
		{7E3407D5-2430-4086-8852-4C20F5B6F78F}.Release|ARM.Deploy.0 = Release|ARM
		{7E3407D5-2430-4086-8852-4C20F5B6F78F}.Release|iPhone.ActiveCfg = Release|x86
		{7E3407D5-2430-4086-8852-4C20F5B6F78F}.Release|iPhone.Build.0 = Release|x86
		{7E3407D5-2430-4086-8852-4C20F5B6F78F}.Release|iPhoneSimulator.ActiveCfg = Release|x86
		{7E3407D5-2430-4086-8852-4C20F5B6F78F}.Release|iPhoneSimulator.Build.0 = Release|x86
		{7E3407D5-2430-4086-8852-4C20F5B6F78F}.Release|x64.ActiveCfg = Release|x64
		{7E3407D5-2430-4086-8852-4C20F5B6F78F}.Release|x86.ActiveCfg = Release|x86
		{7E3407D5-2430-4086-8852-4C20F5B6F78F}.Release|x86.Build.0 = Release|x86
		{7E3407D5-2430-4086-8852-4C20F5B6F78F}.Release|x86.Deploy.0 = Release|x86
	EndGlobalSection
	GlobalSection(SolutionProperties) = preSolution
		HideSolutionNode = FALSE
	EndGlobalSection
EndGlobal
