Microsoft Visual Studio Solution File, Format Version 12.00
# Visual Studio 15
VisualStudioVersion = 15.0.27009.1
MinimumVisualStudioVersion = 10.0.40219.1
Project("{FAE04EC0-301F-11D3-BF4B-00C04F79EFBC}") = "FaceOff.Droid", "FaceOff.Droid\FaceOff.Droid.csproj", "{598E6A0B-D1F0-4F64-A297-3FB652C379E7}"
EndProject
Project("{FAE04EC0-301F-11D3-BF4B-00C04F79EFBC}") = "FaceOff.UWP", "FaceOff.UWP\FaceOff.UWP.csproj", "{7E3407D5-2430-4086-8852-4C20F5B6F78F}"
EndProject
Project("{FAE04EC0-301F-11D3-BF4B-00C04F79EFBC}") = "FaceOff.UITests", "FaceOff.UITests\FaceOff.UITests.csproj", "{0A4CFB91-046F-4236-BB46-982FDADDA01D}"
EndProject
Project("{FAE04EC0-301F-11D3-BF4B-00C04F79EFBC}") = "FaceOff.iOS", "FaceOff.iOS\FaceOff.iOS.csproj", "{D9466562-859D-4760-BF8A-DB4983B5F6BA}"
EndProject
Project("{D954291E-2A0B-460D-934E-DC6B0785DB48}") = "FaceOff.Shared", "FaceOff.Shared\FaceOff.Shared.shproj", "{CDEBC040-8ABC-4393-84D8-75E5C8A049BE}"
EndProject
Project("{FAE04EC0-301F-11D3-BF4B-00C04F79EFBC}") = "FaceOff", "FaceOff\FaceOff.csproj", "{463970CD-BBFA-41F8-8CE9-6E5F9FCCB148}"
EndProject
Global
	GlobalSection(SharedMSBuildProjectFiles) = preSolution
		Shared\FaceOff.Shared.projitems*{0a4cfb91-046f-4236-bb46-982fdadda01d}*SharedItemsImports = 4
		Shared\FaceOff.Shared.projitems*{cdebc040-8abc-4393-84d8-75e5c8a049be}*SharedItemsImports = 13
	EndGlobalSection
	GlobalSection(SolutionConfigurationPlatforms) = preSolution
		Debug|Any CPU = Debug|Any CPU
		Debug|ARM = Debug|ARM
		Debug|iPhone = Debug|iPhone
		Debug|iPhoneSimulator = Debug|iPhoneSimulator
		Debug|x64 = Debug|x64
		Debug|x86 = Debug|x86
		Release|Any CPU = Release|Any CPU
		Release|ARM = Release|ARM
		Release|iPhone = Release|iPhone
		Release|iPhoneSimulator = Release|iPhoneSimulator
		Release|x64 = Release|x64
		Release|x86 = Release|x86
	EndGlobalSection
	GlobalSection(ProjectConfigurationPlatforms) = postSolution
		{598E6A0B-D1F0-4F64-A297-3FB652C379E7}.Debug|Any CPU.ActiveCfg = Debug|Any CPU
		{598E6A0B-D1F0-4F64-A297-3FB652C379E7}.Debug|Any CPU.Build.0 = Debug|Any CPU
		{598E6A0B-D1F0-4F64-A297-3FB652C379E7}.Debug|Any CPU.Deploy.0 = Debug|Any CPU
		{598E6A0B-D1F0-4F64-A297-3FB652C379E7}.Debug|ARM.ActiveCfg = Debug|Any CPU
		{598E6A0B-D1F0-4F64-A297-3FB652C379E7}.Debug|ARM.Build.0 = Debug|Any CPU
		{598E6A0B-D1F0-4F64-A297-3FB652C379E7}.Debug|ARM.Deploy.0 = Debug|Any CPU
		{598E6A0B-D1F0-4F64-A297-3FB652C379E7}.Debug|iPhone.ActiveCfg = Debug|Any CPU
		{598E6A0B-D1F0-4F64-A297-3FB652C379E7}.Debug|iPhone.Build.0 = Debug|Any CPU
		{598E6A0B-D1F0-4F64-A297-3FB652C379E7}.Debug|iPhoneSimulator.ActiveCfg = Debug|Any CPU
		{598E6A0B-D1F0-4F64-A297-3FB652C379E7}.Debug|iPhoneSimulator.Build.0 = Debug|Any CPU
		{598E6A0B-D1F0-4F64-A297-3FB652C379E7}.Debug|x64.ActiveCfg = Debug|Any CPU
		{598E6A0B-D1F0-4F64-A297-3FB652C379E7}.Debug|x64.Build.0 = Debug|Any CPU
		{598E6A0B-D1F0-4F64-A297-3FB652C379E7}.Debug|x64.Deploy.0 = Debug|Any CPU
		{598E6A0B-D1F0-4F64-A297-3FB652C379E7}.Debug|x86.ActiveCfg = Debug|Any CPU
		{598E6A0B-D1F0-4F64-A297-3FB652C379E7}.Debug|x86.Build.0 = Debug|Any CPU
		{598E6A0B-D1F0-4F64-A297-3FB652C379E7}.Debug|x86.Deploy.0 = Debug|Any CPU
		{598E6A0B-D1F0-4F64-A297-3FB652C379E7}.Release|Any CPU.ActiveCfg = Release|Any CPU
		{598E6A0B-D1F0-4F64-A297-3FB652C379E7}.Release|Any CPU.Build.0 = Release|Any CPU
		{598E6A0B-D1F0-4F64-A297-3FB652C379E7}.Release|Any CPU.Deploy.0 = Release|Any CPU
		{598E6A0B-D1F0-4F64-A297-3FB652C379E7}.Release|ARM.ActiveCfg = Release|Any CPU
		{598E6A0B-D1F0-4F64-A297-3FB652C379E7}.Release|ARM.Build.0 = Release|Any CPU
		{598E6A0B-D1F0-4F64-A297-3FB652C379E7}.Release|ARM.Deploy.0 = Release|Any CPU
		{598E6A0B-D1F0-4F64-A297-3FB652C379E7}.Release|iPhone.ActiveCfg = Release|Any CPU
		{598E6A0B-D1F0-4F64-A297-3FB652C379E7}.Release|iPhone.Build.0 = Release|Any CPU
		{598E6A0B-D1F0-4F64-A297-3FB652C379E7}.Release|iPhoneSimulator.ActiveCfg = Release|Any CPU
		{598E6A0B-D1F0-4F64-A297-3FB652C379E7}.Release|iPhoneSimulator.Build.0 = Release|Any CPU
		{598E6A0B-D1F0-4F64-A297-3FB652C379E7}.Release|x64.ActiveCfg = Release|Any CPU
		{598E6A0B-D1F0-4F64-A297-3FB652C379E7}.Release|x64.Build.0 = Release|Any CPU
		{598E6A0B-D1F0-4F64-A297-3FB652C379E7}.Release|x64.Deploy.0 = Release|Any CPU
		{598E6A0B-D1F0-4F64-A297-3FB652C379E7}.Release|x86.ActiveCfg = Release|Any CPU
		{598E6A0B-D1F0-4F64-A297-3FB652C379E7}.Release|x86.Build.0 = Release|Any CPU
		{598E6A0B-D1F0-4F64-A297-3FB652C379E7}.Release|x86.Deploy.0 = Release|Any CPU
		{7E3407D5-2430-4086-8852-4C20F5B6F78F}.Debug|Any CPU.ActiveCfg = Debug|x86
		{7E3407D5-2430-4086-8852-4C20F5B6F78F}.Debug|Any CPU.Build.0 = Debug|x86
		{7E3407D5-2430-4086-8852-4C20F5B6F78F}.Debug|Any CPU.Deploy.0 = Debug|x86
		{7E3407D5-2430-4086-8852-4C20F5B6F78F}.Debug|ARM.ActiveCfg = Debug|ARM
		{7E3407D5-2430-4086-8852-4C20F5B6F78F}.Debug|ARM.Build.0 = Debug|ARM
		{7E3407D5-2430-4086-8852-4C20F5B6F78F}.Debug|ARM.Deploy.0 = Debug|ARM
		{7E3407D5-2430-4086-8852-4C20F5B6F78F}.Debug|iPhone.ActiveCfg = Debug|x86
		{7E3407D5-2430-4086-8852-4C20F5B6F78F}.Debug|iPhoneSimulator.ActiveCfg = Debug|x86
		{7E3407D5-2430-4086-8852-4C20F5B6F78F}.Debug|x64.ActiveCfg = Debug|x64
		{7E3407D5-2430-4086-8852-4C20F5B6F78F}.Debug|x64.Build.0 = Debug|x64
		{7E3407D5-2430-4086-8852-4C20F5B6F78F}.Debug|x64.Deploy.0 = Debug|x64
		{7E3407D5-2430-4086-8852-4C20F5B6F78F}.Debug|x86.ActiveCfg = Debug|x86
		{7E3407D5-2430-4086-8852-4C20F5B6F78F}.Debug|x86.Build.0 = Debug|x86
		{7E3407D5-2430-4086-8852-4C20F5B6F78F}.Debug|x86.Deploy.0 = Debug|x86
		{7E3407D5-2430-4086-8852-4C20F5B6F78F}.Release|Any CPU.ActiveCfg = Release|x86
		{7E3407D5-2430-4086-8852-4C20F5B6F78F}.Release|Any CPU.Build.0 = Release|x86
		{7E3407D5-2430-4086-8852-4C20F5B6F78F}.Release|Any CPU.Deploy.0 = Release|x86
		{7E3407D5-2430-4086-8852-4C20F5B6F78F}.Release|ARM.ActiveCfg = Release|ARM
		{7E3407D5-2430-4086-8852-4C20F5B6F78F}.Release|ARM.Build.0 = Release|ARM
		{7E3407D5-2430-4086-8852-4C20F5B6F78F}.Release|ARM.Deploy.0 = Release|ARM
		{7E3407D5-2430-4086-8852-4C20F5B6F78F}.Release|iPhone.ActiveCfg = Release|x86
		{7E3407D5-2430-4086-8852-4C20F5B6F78F}.Release|iPhoneSimulator.ActiveCfg = Release|x86
		{7E3407D5-2430-4086-8852-4C20F5B6F78F}.Release|x64.ActiveCfg = Release|x64
		{7E3407D5-2430-4086-8852-4C20F5B6F78F}.Release|x64.Build.0 = Release|x64
		{7E3407D5-2430-4086-8852-4C20F5B6F78F}.Release|x64.Deploy.0 = Release|x64
		{7E3407D5-2430-4086-8852-4C20F5B6F78F}.Release|x86.ActiveCfg = Release|x86
		{7E3407D5-2430-4086-8852-4C20F5B6F78F}.Release|x86.Build.0 = Release|x86
		{7E3407D5-2430-4086-8852-4C20F5B6F78F}.Release|x86.Deploy.0 = Release|x86
		{0A4CFB91-046F-4236-BB46-982FDADDA01D}.Debug|Any CPU.ActiveCfg = Debug|Any CPU
		{0A4CFB91-046F-4236-BB46-982FDADDA01D}.Debug|Any CPU.Build.0 = Debug|Any CPU
		{0A4CFB91-046F-4236-BB46-982FDADDA01D}.Debug|ARM.ActiveCfg = Debug|Any CPU
		{0A4CFB91-046F-4236-BB46-982FDADDA01D}.Debug|ARM.Build.0 = Debug|Any CPU
		{0A4CFB91-046F-4236-BB46-982FDADDA01D}.Debug|iPhone.ActiveCfg = Debug|Any CPU
		{0A4CFB91-046F-4236-BB46-982FDADDA01D}.Debug|iPhone.Build.0 = Debug|Any CPU
		{0A4CFB91-046F-4236-BB46-982FDADDA01D}.Debug|iPhoneSimulator.ActiveCfg = Debug|Any CPU
		{0A4CFB91-046F-4236-BB46-982FDADDA01D}.Debug|iPhoneSimulator.Build.0 = Debug|Any CPU
		{0A4CFB91-046F-4236-BB46-982FDADDA01D}.Debug|x64.ActiveCfg = Debug|Any CPU
		{0A4CFB91-046F-4236-BB46-982FDADDA01D}.Debug|x64.Build.0 = Debug|Any CPU
		{0A4CFB91-046F-4236-BB46-982FDADDA01D}.Debug|x86.ActiveCfg = Debug|Any CPU
		{0A4CFB91-046F-4236-BB46-982FDADDA01D}.Debug|x86.Build.0 = Debug|Any CPU
		{0A4CFB91-046F-4236-BB46-982FDADDA01D}.Release|Any CPU.ActiveCfg = Release|Any CPU
		{0A4CFB91-046F-4236-BB46-982FDADDA01D}.Release|Any CPU.Build.0 = Release|Any CPU
		{0A4CFB91-046F-4236-BB46-982FDADDA01D}.Release|ARM.ActiveCfg = Release|Any CPU
		{0A4CFB91-046F-4236-BB46-982FDADDA01D}.Release|ARM.Build.0 = Release|Any CPU
		{0A4CFB91-046F-4236-BB46-982FDADDA01D}.Release|iPhone.ActiveCfg = Release|Any CPU
		{0A4CFB91-046F-4236-BB46-982FDADDA01D}.Release|iPhone.Build.0 = Release|Any CPU
		{0A4CFB91-046F-4236-BB46-982FDADDA01D}.Release|iPhoneSimulator.ActiveCfg = Release|Any CPU
		{0A4CFB91-046F-4236-BB46-982FDADDA01D}.Release|iPhoneSimulator.Build.0 = Release|Any CPU
		{0A4CFB91-046F-4236-BB46-982FDADDA01D}.Release|x64.ActiveCfg = Release|Any CPU
		{0A4CFB91-046F-4236-BB46-982FDADDA01D}.Release|x64.Build.0 = Release|Any CPU
		{0A4CFB91-046F-4236-BB46-982FDADDA01D}.Release|x86.ActiveCfg = Release|Any CPU
		{0A4CFB91-046F-4236-BB46-982FDADDA01D}.Release|x86.Build.0 = Release|Any CPU
		{D9466562-859D-4760-BF8A-DB4983B5F6BA}.Debug|Any CPU.ActiveCfg = Debug|iPhoneSimulator
		{D9466562-859D-4760-BF8A-DB4983B5F6BA}.Debug|Any CPU.Build.0 = Debug|iPhoneSimulator
		{D9466562-859D-4760-BF8A-DB4983B5F6BA}.Debug|ARM.ActiveCfg = Debug|iPhoneSimulator
		{D9466562-859D-4760-BF8A-DB4983B5F6BA}.Debug|ARM.Build.0 = Debug|iPhoneSimulator
		{D9466562-859D-4760-BF8A-DB4983B5F6BA}.Debug|iPhone.ActiveCfg = Debug|iPhone
		{D9466562-859D-4760-BF8A-DB4983B5F6BA}.Debug|iPhone.Build.0 = Debug|iPhone
		{D9466562-859D-4760-BF8A-DB4983B5F6BA}.Debug|iPhoneSimulator.ActiveCfg = Debug|iPhoneSimulator
		{D9466562-859D-4760-BF8A-DB4983B5F6BA}.Debug|iPhoneSimulator.Build.0 = Debug|iPhoneSimulator
		{D9466562-859D-4760-BF8A-DB4983B5F6BA}.Debug|x64.ActiveCfg = Debug|iPhoneSimulator
		{D9466562-859D-4760-BF8A-DB4983B5F6BA}.Debug|x64.Build.0 = Debug|iPhoneSimulator
		{D9466562-859D-4760-BF8A-DB4983B5F6BA}.Debug|x86.ActiveCfg = Debug|iPhoneSimulator
		{D9466562-859D-4760-BF8A-DB4983B5F6BA}.Debug|x86.Build.0 = Debug|iPhoneSimulator
		{D9466562-859D-4760-BF8A-DB4983B5F6BA}.Release|Any CPU.ActiveCfg = Release|iPhone
		{D9466562-859D-4760-BF8A-DB4983B5F6BA}.Release|Any CPU.Build.0 = Release|iPhone
		{D9466562-859D-4760-BF8A-DB4983B5F6BA}.Release|ARM.ActiveCfg = Release|iPhone
		{D9466562-859D-4760-BF8A-DB4983B5F6BA}.Release|ARM.Build.0 = Release|iPhone
		{D9466562-859D-4760-BF8A-DB4983B5F6BA}.Release|iPhone.ActiveCfg = Release|iPhone
		{D9466562-859D-4760-BF8A-DB4983B5F6BA}.Release|iPhone.Build.0 = Release|iPhone
		{D9466562-859D-4760-BF8A-DB4983B5F6BA}.Release|iPhoneSimulator.ActiveCfg = Release|iPhoneSimulator
		{D9466562-859D-4760-BF8A-DB4983B5F6BA}.Release|iPhoneSimulator.Build.0 = Release|iPhoneSimulator
		{D9466562-859D-4760-BF8A-DB4983B5F6BA}.Release|x64.ActiveCfg = Release|iPhone
		{D9466562-859D-4760-BF8A-DB4983B5F6BA}.Release|x64.Build.0 = Release|iPhone
		{D9466562-859D-4760-BF8A-DB4983B5F6BA}.Release|x86.ActiveCfg = Release|iPhone
		{D9466562-859D-4760-BF8A-DB4983B5F6BA}.Release|x86.Build.0 = Release|iPhone
		{463970CD-BBFA-41F8-8CE9-6E5F9FCCB148}.Debug|Any CPU.ActiveCfg = Debug|Any CPU
		{463970CD-BBFA-41F8-8CE9-6E5F9FCCB148}.Debug|Any CPU.Build.0 = Debug|Any CPU
		{463970CD-BBFA-41F8-8CE9-6E5F9FCCB148}.Debug|ARM.ActiveCfg = Debug|Any CPU
		{463970CD-BBFA-41F8-8CE9-6E5F9FCCB148}.Debug|ARM.Build.0 = Debug|Any CPU
		{463970CD-BBFA-41F8-8CE9-6E5F9FCCB148}.Debug|iPhone.ActiveCfg = Debug|Any CPU
		{463970CD-BBFA-41F8-8CE9-6E5F9FCCB148}.Debug|iPhone.Build.0 = Debug|Any CPU
		{463970CD-BBFA-41F8-8CE9-6E5F9FCCB148}.Debug|iPhoneSimulator.ActiveCfg = Debug|Any CPU
		{463970CD-BBFA-41F8-8CE9-6E5F9FCCB148}.Debug|iPhoneSimulator.Build.0 = Debug|Any CPU
		{463970CD-BBFA-41F8-8CE9-6E5F9FCCB148}.Debug|x64.ActiveCfg = Debug|Any CPU
		{463970CD-BBFA-41F8-8CE9-6E5F9FCCB148}.Debug|x64.Build.0 = Debug|Any CPU
		{463970CD-BBFA-41F8-8CE9-6E5F9FCCB148}.Debug|x86.ActiveCfg = Debug|Any CPU
		{463970CD-BBFA-41F8-8CE9-6E5F9FCCB148}.Debug|x86.Build.0 = Debug|Any CPU
		{463970CD-BBFA-41F8-8CE9-6E5F9FCCB148}.Release|Any CPU.ActiveCfg = Release|Any CPU
		{463970CD-BBFA-41F8-8CE9-6E5F9FCCB148}.Release|Any CPU.Build.0 = Release|Any CPU
		{463970CD-BBFA-41F8-8CE9-6E5F9FCCB148}.Release|ARM.ActiveCfg = Release|Any CPU
		{463970CD-BBFA-41F8-8CE9-6E5F9FCCB148}.Release|ARM.Build.0 = Release|Any CPU
		{463970CD-BBFA-41F8-8CE9-6E5F9FCCB148}.Release|iPhone.ActiveCfg = Release|Any CPU
		{463970CD-BBFA-41F8-8CE9-6E5F9FCCB148}.Release|iPhone.Build.0 = Release|Any CPU
		{463970CD-BBFA-41F8-8CE9-6E5F9FCCB148}.Release|iPhoneSimulator.ActiveCfg = Release|Any CPU
		{463970CD-BBFA-41F8-8CE9-6E5F9FCCB148}.Release|iPhoneSimulator.Build.0 = Release|Any CPU
		{463970CD-BBFA-41F8-8CE9-6E5F9FCCB148}.Release|x64.ActiveCfg = Release|Any CPU
		{463970CD-BBFA-41F8-8CE9-6E5F9FCCB148}.Release|x64.Build.0 = Release|Any CPU
		{463970CD-BBFA-41F8-8CE9-6E5F9FCCB148}.Release|x86.ActiveCfg = Release|Any CPU
		{463970CD-BBFA-41F8-8CE9-6E5F9FCCB148}.Release|x86.Build.0 = Release|Any CPU
	EndGlobalSection
	GlobalSection(SolutionProperties) = preSolution
		HideSolutionNode = FALSE
	EndGlobalSection
	GlobalSection(ExtensibilityGlobals) = postSolution
		SolutionGuid = {2E92983D-AE56-4887-A25F-EE4684BB6D52}
	EndGlobalSection
EndGlobal
